
Microsoft Visual Studio Solution File, Format Version 12.00
# Visual Studio 15
VisualStudioVersion = 15.0.28307.757
MinimumVisualStudioVersion = 10.0.40219.1
Project("{FAE04EC0-301F-11D3-BF4B-00C04F79EFBC}") = "ExportPDF", "ExportPDF\ExportPDF.csproj", "{A63A1752-26E4-4287-9AA2-EA8D74EE4FFF}"
EndProject
Global
	GlobalSection(SolutionConfigurationPlatforms) = preSolution
		Debug|Any CPU = Debug|Any CPU
		Release|Any CPU = Release|Any CPU
	EndGlobalSection
	GlobalSection(ProjectConfigurationPlatforms) = postSolution
		{A63A1752-26E4-4287-9AA2-EA8D74EE4FFF}.Debug|Any CPU.ActiveCfg = Debug|Any CPU
		{A63A1752-26E4-4287-9AA2-EA8D74EE4FFF}.Debug|Any CPU.Build.0 = Debug|Any CPU
		{A63A1752-26E4-4287-9AA2-EA8D74EE4FFF}.Release|Any CPU.ActiveCfg = Release|Any CPU
		{A63A1752-26E4-4287-9AA2-EA8D74EE4FFF}.Release|Any CPU.Build.0 = Release|Any CPU
	EndGlobalSection
	GlobalSection(SolutionProperties) = preSolution
		HideSolutionNode = FALSE
	EndGlobalSection
	GlobalSection(ExtensibilityGlobals) = postSolution
		SolutionGuid = {5A5158BA-19A9-47FA-AEEB-BFBEAE436065}
	EndGlobalSection
EndGlobal
